
Microsoft Visual Studio Solution File, Format Version 12.00
# Visual Studio Version 17
VisualStudioVersion = 17.0.32014.148
MinimumVisualStudioVersion = 10.0.40219.1
Project("{9A19103F-16F7-4668-BE54-9A1E7A4F7556}") = "Web.UI", "Web.UI\Web.UI.csproj", "{6FC0DDA4-D58B-45DC-8653-A9473C59FB74}"
EndProject
Project("{9A19103F-16F7-4668-BE54-9A1E7A4F7556}") = "PokemonBattle.Client", "PokemonBattle.Client\PokemonBattle.Client.csproj", "{C41855DE-F03D-4DF7-B275-FE18DB5FEBD8}"
EndProject
Project("{9A19103F-16F7-4668-BE54-9A1E7A4F7556}") = "PokemonBattle.Models", "PokemonBattle.Models\PokemonBattle.Models.csproj", "{7B4324D6-8BB2-46A4-84E9-4C8B8EA2B2EB}"
EndProject
Project("{9A19103F-16F7-4668-BE54-9A1E7A4F7556}") = "PokemonBattle.Infrastructure", "PokemonBattle.Infrastructure\PokemonBattle.Infrastructure.csproj", "{D178B980-E31D-4821-BCFB-4B8024A2D56A}"
EndProject
Project("{9A19103F-16F7-4668-BE54-9A1E7A4F7556}") = "PokemonBattle.Dto", "PokemonBattle.Dto\PokemonBattle.Dto.csproj", "{BE04E52D-74E1-46E6-91B7-CDA26BFE1A8B}"
EndProject
Project("{9A19103F-16F7-4668-BE54-9A1E7A4F7556}") = "PokemonBattle.Server", "PokemonBattle.Server\PokemonBattle.Server.csproj", "{2F185E69-59C3-4C69-8180-EB02E360F16A}"
EndProject
Global
	GlobalSection(SolutionConfigurationPlatforms) = preSolution
		Debug|Any CPU = Debug|Any CPU
		Release|Any CPU = Release|Any CPU
	EndGlobalSection
	GlobalSection(ProjectConfigurationPlatforms) = postSolution
		{6FC0DDA4-D58B-45DC-8653-A9473C59FB74}.Debug|Any CPU.ActiveCfg = Debug|Any CPU
		{6FC0DDA4-D58B-45DC-8653-A9473C59FB74}.Debug|Any CPU.Build.0 = Debug|Any CPU
		{6FC0DDA4-D58B-45DC-8653-A9473C59FB74}.Release|Any CPU.ActiveCfg = Release|Any CPU
		{6FC0DDA4-D58B-45DC-8653-A9473C59FB74}.Release|Any CPU.Build.0 = Release|Any CPU
		{C41855DE-F03D-4DF7-B275-FE18DB5FEBD8}.Debug|Any CPU.ActiveCfg = Debug|Any CPU
		{C41855DE-F03D-4DF7-B275-FE18DB5FEBD8}.Debug|Any CPU.Build.0 = Debug|Any CPU
		{C41855DE-F03D-4DF7-B275-FE18DB5FEBD8}.Release|Any CPU.ActiveCfg = Release|Any CPU
		{C41855DE-F03D-4DF7-B275-FE18DB5FEBD8}.Release|Any CPU.Build.0 = Release|Any CPU
		{7B4324D6-8BB2-46A4-84E9-4C8B8EA2B2EB}.Debug|Any CPU.ActiveCfg = Debug|Any CPU
		{7B4324D6-8BB2-46A4-84E9-4C8B8EA2B2EB}.Debug|Any CPU.Build.0 = Debug|Any CPU
		{7B4324D6-8BB2-46A4-84E9-4C8B8EA2B2EB}.Release|Any CPU.ActiveCfg = Release|Any CPU
		{7B4324D6-8BB2-46A4-84E9-4C8B8EA2B2EB}.Release|Any CPU.Build.0 = Release|Any CPU
		{D178B980-E31D-4821-BCFB-4B8024A2D56A}.Debug|Any CPU.ActiveCfg = Debug|Any CPU
		{D178B980-E31D-4821-BCFB-4B8024A2D56A}.Debug|Any CPU.Build.0 = Debug|Any CPU
		{D178B980-E31D-4821-BCFB-4B8024A2D56A}.Release|Any CPU.ActiveCfg = Release|Any CPU
		{D178B980-E31D-4821-BCFB-4B8024A2D56A}.Release|Any CPU.Build.0 = Release|Any CPU
		{BE04E52D-74E1-46E6-91B7-CDA26BFE1A8B}.Debug|Any CPU.ActiveCfg = Debug|Any CPU
		{BE04E52D-74E1-46E6-91B7-CDA26BFE1A8B}.Debug|Any CPU.Build.0 = Debug|Any CPU
		{BE04E52D-74E1-46E6-91B7-CDA26BFE1A8B}.Release|Any CPU.ActiveCfg = Release|Any CPU
		{BE04E52D-74E1-46E6-91B7-CDA26BFE1A8B}.Release|Any CPU.Build.0 = Release|Any CPU
		{2F185E69-59C3-4C69-8180-EB02E360F16A}.Debug|Any CPU.ActiveCfg = Debug|Any CPU
		{2F185E69-59C3-4C69-8180-EB02E360F16A}.Debug|Any CPU.Build.0 = Debug|Any CPU
		{2F185E69-59C3-4C69-8180-EB02E360F16A}.Release|Any CPU.ActiveCfg = Release|Any CPU
		{2F185E69-59C3-4C69-8180-EB02E360F16A}.Release|Any CPU.Build.0 = Release|Any CPU
	EndGlobalSection
	GlobalSection(SolutionProperties) = preSolution
		HideSolutionNode = FALSE
	EndGlobalSection
	GlobalSection(ExtensibilityGlobals) = postSolution
		SolutionGuid = {3019DABF-C4E5-451E-BD51-57DD1727EBF4}
	EndGlobalSection
EndGlobal
